
Microsoft Visual Studio Solution File, Format Version 12.00
# Visual Studio 2012
Project("{FAE04EC0-301F-11D3-BF4B-00C04F79EFBC}") = "Gongshang_PIC", "Gongshang_PIC\Gongshang_PIC.csproj", "{AC4824D6-C5AE-4EA9-8881-BE4AC5269472}"
EndProject
Project("{FAE04EC0-301F-11D3-BF4B-00C04F79EFBC}") = "China_System.Common", "China_System.Common\China_System.Common.csproj", "{6D44B559-6900-4076-B906-565D758F43B3}"
EndProject
Project("{6141683F-8A12-4E36-9623-2EB02B2C2303}") = "Setup", "Setup\Setup.isproj", "{52B7617B-366C-4475-BE96-A4661FBD17BF}"
EndProject
Global
	GlobalSection(SolutionConfigurationPlatforms) = preSolution
		CD_ROM|Any CPU = CD_ROM|Any CPU
		Debug|Any CPU = Debug|Any CPU
		DVD-5|Any CPU = DVD-5|Any CPU
		Release|Any CPU = Release|Any CPU
		SingleImage|Any CPU = SingleImage|Any CPU
	EndGlobalSection
	GlobalSection(ProjectConfigurationPlatforms) = postSolution
		{AC4824D6-C5AE-4EA9-8881-BE4AC5269472}.CD_ROM|Any CPU.ActiveCfg = Release|Any CPU
		{AC4824D6-C5AE-4EA9-8881-BE4AC5269472}.CD_ROM|Any CPU.Build.0 = Release|Any CPU
		{AC4824D6-C5AE-4EA9-8881-BE4AC5269472}.Debug|Any CPU.ActiveCfg = Debug|Any CPU
		{AC4824D6-C5AE-4EA9-8881-BE4AC5269472}.Debug|Any CPU.Build.0 = Debug|Any CPU
		{AC4824D6-C5AE-4EA9-8881-BE4AC5269472}.DVD-5|Any CPU.ActiveCfg = Debug|Any CPU
		{AC4824D6-C5AE-4EA9-8881-BE4AC5269472}.DVD-5|Any CPU.Build.0 = Debug|Any CPU
		{AC4824D6-C5AE-4EA9-8881-BE4AC5269472}.Release|Any CPU.ActiveCfg = Release|Any CPU
		{AC4824D6-C5AE-4EA9-8881-BE4AC5269472}.Release|Any CPU.Build.0 = Release|Any CPU
		{AC4824D6-C5AE-4EA9-8881-BE4AC5269472}.SingleImage|Any CPU.ActiveCfg = Debug|Any CPU
		{AC4824D6-C5AE-4EA9-8881-BE4AC5269472}.SingleImage|Any CPU.Build.0 = Debug|Any CPU
		{6D44B559-6900-4076-B906-565D758F43B3}.CD_ROM|Any CPU.ActiveCfg = Release|Any CPU
		{6D44B559-6900-4076-B906-565D758F43B3}.CD_ROM|Any CPU.Build.0 = Release|Any CPU
		{6D44B559-6900-4076-B906-565D758F43B3}.Debug|Any CPU.ActiveCfg = Debug|Any CPU
		{6D44B559-6900-4076-B906-565D758F43B3}.Debug|Any CPU.Build.0 = Debug|Any CPU
		{6D44B559-6900-4076-B906-565D758F43B3}.DVD-5|Any CPU.ActiveCfg = Debug|Any CPU
		{6D44B559-6900-4076-B906-565D758F43B3}.DVD-5|Any CPU.Build.0 = Debug|Any CPU
		{6D44B559-6900-4076-B906-565D758F43B3}.Release|Any CPU.ActiveCfg = Release|Any CPU
		{6D44B559-6900-4076-B906-565D758F43B3}.Release|Any CPU.Build.0 = Release|Any CPU
		{6D44B559-6900-4076-B906-565D758F43B3}.SingleImage|Any CPU.ActiveCfg = Debug|Any CPU
		{6D44B559-6900-4076-B906-565D758F43B3}.SingleImage|Any CPU.Build.0 = Debug|Any CPU
		{52B7617B-366C-4475-BE96-A4661FBD17BF}.CD_ROM|Any CPU.ActiveCfg = CD_ROM
		{52B7617B-366C-4475-BE96-A4661FBD17BF}.CD_ROM|Any CPU.Build.0 = CD_ROM
		{52B7617B-366C-4475-BE96-A4661FBD17BF}.Debug|Any CPU.ActiveCfg = DVD-5
		{52B7617B-366C-4475-BE96-A4661FBD17BF}.Debug|Any CPU.Build.0 = DVD-5
		{52B7617B-366C-4475-BE96-A4661FBD17BF}.DVD-5|Any CPU.ActiveCfg = DVD-5
		{52B7617B-366C-4475-BE96-A4661FBD17BF}.DVD-5|Any CPU.Build.0 = DVD-5
		{52B7617B-366C-4475-BE96-A4661FBD17BF}.Release|Any CPU.ActiveCfg = SingleImage
		{52B7617B-366C-4475-BE96-A4661FBD17BF}.Release|Any CPU.Build.0 = SingleImage
		{52B7617B-366C-4475-BE96-A4661FBD17BF}.SingleImage|Any CPU.ActiveCfg = SingleImage
		{52B7617B-366C-4475-BE96-A4661FBD17BF}.SingleImage|Any CPU.Build.0 = SingleImage
	EndGlobalSection
	GlobalSection(SolutionProperties) = preSolution
		HideSolutionNode = FALSE
	EndGlobalSection
EndGlobal
